
Microsoft Visual Studio Solution File, Format Version 12.00
# Visual Studio 15
VisualStudioVersion = 15.0.28010.2046
MinimumVisualStudioVersion = 10.0.40219.1
Project("{FAE04EC0-301F-11D3-BF4B-00C04F79EFBC}") = "UI", "UI\UI.csproj", "{82D01943-6C6D-44C4-BEF4-8FFE4B6C7A7A}"
EndProject
Project("{FAE04EC0-301F-11D3-BF4B-00C04F79EFBC}") = "DAL", "DAL\DAL.csproj", "{3C843CA6-3962-4D57-A21F-1B324E61E2F3}"
EndProject
Global
	GlobalSection(SolutionConfigurationPlatforms) = preSolution
		Debug|Any CPU = Debug|Any CPU
		Release|Any CPU = Release|Any CPU
	EndGlobalSection
	GlobalSection(ProjectConfigurationPlatforms) = postSolution
		{82D01943-6C6D-44C4-BEF4-8FFE4B6C7A7A}.Debug|Any CPU.ActiveCfg = Debug|Any CPU
		{82D01943-6C6D-44C4-BEF4-8FFE4B6C7A7A}.Debug|Any CPU.Build.0 = Debug|Any CPU
		{82D01943-6C6D-44C4-BEF4-8FFE4B6C7A7A}.Release|Any CPU.ActiveCfg = Release|Any CPU
		{82D01943-6C6D-44C4-BEF4-8FFE4B6C7A7A}.Release|Any CPU.Build.0 = Release|Any CPU
		{3C843CA6-3962-4D57-A21F-1B324E61E2F3}.Debug|Any CPU.ActiveCfg = Debug|Any CPU
		{3C843CA6-3962-4D57-A21F-1B324E61E2F3}.Debug|Any CPU.Build.0 = Debug|Any CPU
		{3C843CA6-3962-4D57-A21F-1B324E61E2F3}.Release|Any CPU.ActiveCfg = Release|Any CPU
		{3C843CA6-3962-4D57-A21F-1B324E61E2F3}.Release|Any CPU.Build.0 = Release|Any CPU
	EndGlobalSection
	GlobalSection(SolutionProperties) = preSolution
		HideSolutionNode = FALSE
	EndGlobalSection
	GlobalSection(ExtensibilityGlobals) = postSolution
		SolutionGuid = {11D7F3B9-2C1D-4052-9852-24D1D6BA47EA}
	EndGlobalSection
EndGlobal
